{
  "name": "twitter-bot",
  "version": "1.0.0",
  "lockfileVersion": 3,
  "requires": true,
  "packages": {
    "": {
      "name": "twitter-bot",
      "version": "1.0.0",
      "license": "MIT",
      "dependencies": {
        "dotenv": "^10.0.0",
        "twitter-api-v2": "^1.19.0"
      }
    },
    "node_modules/dotenv": {
      "version": "10.0.0",
      "resolved": "https://registry.npmjs.org/dotenv/-/dotenv-10.0.0.tgz",
      "integrity": "sha512-rlBi9d8jpv9Sf1klPjNfFAuWDjKLwTIJJ/VxtoTwIR6hnZxcEOQCZg2oIL3MWBYw5GpUDKOEnND7LXTbIpQ03Q==",
      "license": "BSD-2-Clause",
      "engines": {
        "node": ">=10"
      }
    },
    "node_modules/twitter-api-v2": {
      "version": "1.19.0",
      "resolved": "https://registry.npmjs.org/twitter-api-v2/-/twitter-api-v2-1.19.0.tgz",
      "integrity": "sha512-jfG4aapNPM9+4VxNxn0TXvD8Qj8NmVx6cY0hp5K626uZ41qXPaJz33Djd3y6gfHF/+W29+iZz0Y5qB869d/akA==",
      "license": "Apache-2.0"
    }
  }
}
